
Microsoft Visual Studio Solution File, Format Version 12.00
# Visual Studio 15
VisualStudioVersion = 15.0.27428.2043
MinimumVisualStudioVersion = 10.0.40219.1
Project("{FAE04EC0-301F-11D3-BF4B-00C04F79EFBC}") = "EscoTestGaston", "EscoTestGaston\EscoTestGaston.csproj", "{7EA02BAA-CF19-437F-B35E-4387D013EEDD}"
EndProject
Global
	GlobalSection(SolutionConfigurationPlatforms) = preSolution
		Debug|Any CPU = Debug|Any CPU
		Release|Any CPU = Release|Any CPU
	EndGlobalSection
	GlobalSection(ProjectConfigurationPlatforms) = postSolution
		{7EA02BAA-CF19-437F-B35E-4387D013EEDD}.Debug|Any CPU.ActiveCfg = Debug|Any CPU
		{7EA02BAA-CF19-437F-B35E-4387D013EEDD}.Debug|Any CPU.Build.0 = Debug|Any CPU
		{7EA02BAA-CF19-437F-B35E-4387D013EEDD}.Release|Any CPU.ActiveCfg = Release|Any CPU
		{7EA02BAA-CF19-437F-B35E-4387D013EEDD}.Release|Any CPU.Build.0 = Release|Any CPU
	EndGlobalSection
	GlobalSection(SolutionProperties) = preSolution
		HideSolutionNode = FALSE
	EndGlobalSection
	GlobalSection(ExtensibilityGlobals) = postSolution
		SolutionGuid = {7D5C8CBE-EBAD-4ACC-B088-315DD11A1B3A}
	EndGlobalSection
EndGlobal
